PODS:
  - NRUReachabilityHelper (1.0.1)

DEPENDENCIES:
  - NRUReachabilityHelper (from `../`)

EXTERNAL SOURCES:
  NRUReachabilityHelper:
    :path: "../"

SPEC CHECKSUMS:
  NRUReachabilityHelper: 3893f59d8435c5f65b3357ce5bf895d04049fc26

PODFILE CHECKSUM: dae058f0e6c6222547546c536b168c5457c3e8f3

COCOAPODS: 1.2.1
